{
    "name": "h1emu-zone2json",
    "version": "1.0.0",
    "lockfileVersion": 2,
    "requires": true,
    "packages": {
        "": {
            "name": "h1emu-zone2json",
            "version": "1.0.0",
            "hasInstallScript": true,
            "license": "MIT",
            "dependencies": {
                "@types/node": "^15.6.1",
                "h1z1-dataschema": "^1.2.0"
            }
        },
        "node_modules/@types/node": {
            "version": "15.6.1",
            "license": "MIT"
        },
        "node_modules/h1emu-zone2json": {
            "extraneous": true
        },
        "node_modules/h1z1-buffer": {
            "version": "1.0.0"
        },
        "node_modules/h1z1-dataschema": {
            "version": "1.2.0",
            "dependencies": {
                "h1z1-buffer": "^1.0.0"
            }
        }
    },
    "dependencies": {
        "@types/node": {
            "version": "15.6.1"
        },
        "h1emu-zone2json": {
            "extraneous": true
        },
        "h1z1-buffer": {
            "version": "1.0.0"
        },
        "h1z1-dataschema": {
            "version": "1.2.0",
            "requires": {
                "h1z1-buffer": "^1.0.0"
            }
        }
    }
}
