{
    "name": "h1emu-zone2json",
    "version": "1.0.0",
    "lockfileVersion": 1,
    "requires": true,
    "dependencies": {
        "@types/node": {
            "version": "15.6.1",
            "resolved": "https://registry.npmjs.org/@types/node/-/node-15.6.1.tgz",
            "integrity": "sha512-7EIraBEyRHEe7CH+Fm1XvgqU6uwZN8Q7jppJGcqjROMT29qhAuuOxYB1uEY5UMYQKEmA5D+5tBnhdaPXSsLONA=="
        },
        "h1z1-buffer": {
            "version": "1.0.0",
            "resolved": "https://registry.npmjs.org/h1z1-buffer/-/h1z1-buffer-1.0.0.tgz",
            "integrity": "sha512-RWCfh4zFuFWnw7Wt4AKNbgo8xxtrywrQtK1Nl/86wS5HLYwodXMIUn/M52kegkOUnGrw2WNAdSS3jCvJNxDxkA=="
        },
        "h1z1-dataschema": {
            "version": "1.2.0",
            "resolved": "https://registry.npmjs.org/h1z1-dataschema/-/h1z1-dataschema-1.2.0.tgz",
            "integrity": "sha512-z7tNYj44zxqnyw8V0nJqZM5fs1c8HbC52oKkX781EXQOnfxLA+71Sh+uc+2sVQuTs+tKXsrikpM8RU7N39AcPA==",
            "requires": {
                "h1z1-buffer": "^1.0.0"
            }
        },
        "typescript": {
            "version": "4.3.2",
            "resolved": "https://registry.npmjs.org/typescript/-/typescript-4.3.2.tgz",
            "integrity": "sha512-zZ4hShnmnoVnAHpVHWpTcxdv7dWP60S2FsydQLV8V5PbS3FifjWFFRiHSWpDJahly88PRyV5teTSLoq4eG7mKw=="
        }
    }
}
